
Microsoft Visual Studio Solution File, Format Version 12.00
# Visual Studio 15
Project("{FAE04EC0-301F-11D3-BF4B-00C04F79EFBC}") = "Assembly-CSharp", "Assembly-CSharp.csproj", "{3A84E868-1CEE-89B2-075B-E9C2F2AA1117}"
EndProject
Project("{FAE04EC0-301F-11D3-BF4B-00C04F79EFBC}") = "Assembly-CSharp-Editor", "Assembly-CSharp-Editor.csproj", "{E0C7BDA6-B509-1AC3-44F4-8323252222A1}"
EndProject
Global
	GlobalSection(SolutionConfigurationPlatforms) = preSolution
		Debug|Any CPU = Debug|Any CPU
		Release|Any CPU = Release|Any CPU
	EndGlobalSection
	GlobalSection(ProjectConfigurationPlatforms) = postSolution
		{3A84E868-1CEE-89B2-075B-E9C2F2AA1117}.Debug|Any CPU.ActiveCfg = Debug|Any CPU
		{3A84E868-1CEE-89B2-075B-E9C2F2AA1117}.Debug|Any CPU.Build.0 = Debug|Any CPU
		{3A84E868-1CEE-89B2-075B-E9C2F2AA1117}.Release|Any CPU.ActiveCfg = Release|Any CPU
		{3A84E868-1CEE-89B2-075B-E9C2F2AA1117}.Release|Any CPU.Build.0 = Release|Any CPU
		{E0C7BDA6-B509-1AC3-44F4-8323252222A1}.Debug|Any CPU.ActiveCfg = Debug|Any CPU
		{E0C7BDA6-B509-1AC3-44F4-8323252222A1}.Debug|Any CPU.Build.0 = Debug|Any CPU
		{E0C7BDA6-B509-1AC3-44F4-8323252222A1}.Release|Any CPU.ActiveCfg = Release|Any CPU
		{E0C7BDA6-B509-1AC3-44F4-8323252222A1}.Release|Any CPU.Build.0 = Release|Any CPU
	EndGlobalSection
	GlobalSection(SolutionProperties) = preSolution
		HideSolutionNode = FALSE
	EndGlobalSection
EndGlobal
